
Microsoft Visual Studio Solution File, Format Version 12.00
# Visual Studio Version 17
VisualStudioVersion = 17.3.32819.101
MinimumVisualStudioVersion = 10.0.40219.1
Project("{FAE04EC0-301F-11D3-BF4B-00C04F79EFBC}") = "CarService", "CarService\CarService.csproj", "{673A8D7D-403A-4F81-BF26-83EC3A31B25B}"
EndProject
Global
	GlobalSection(SolutionConfigurationPlatforms) = preSolution
		Debug|Any CPU = Debug|Any CPU
		Release|Any CPU = Release|Any CPU
	EndGlobalSection
	GlobalSection(ProjectConfigurationPlatforms) = postSolution
		{673A8D7D-403A-4F81-BF26-83EC3A31B25B}.Debug|Any CPU.ActiveCfg = Debug|Any CPU
		{673A8D7D-403A-4F81-BF26-83EC3A31B25B}.Debug|Any CPU.Build.0 = Debug|Any CPU
		{673A8D7D-403A-4F81-BF26-83EC3A31B25B}.Release|Any CPU.ActiveCfg = Release|Any CPU
		{673A8D7D-403A-4F81-BF26-83EC3A31B25B}.Release|Any CPU.Build.0 = Release|Any CPU
	EndGlobalSection
	GlobalSection(SolutionProperties) = preSolution
		HideSolutionNode = FALSE
	EndGlobalSection
	GlobalSection(ExtensibilityGlobals) = postSolution
		SolutionGuid = {18C3CFE8-38B8-4055-8AAD-CF0407840E09}
	EndGlobalSection
EndGlobal
